{
  "name": "tabby-broadcast-input",
  "version": "1.0.4",
  "lockfileVersion": 3,
  "requires": true,
  "packages": {
    "": {
      "name": "tabby-broadcast-input",
      "version": "1.0.4",
      "license": "MIT",
      "dependencies": {
        "@angular/core": "9.1.13",
        "tabby-core": "1.0.163",
        "tabby-terminal": "1.0.163"
      },
      "devDependencies": {
        "typescript": "^5.6.3"
      },
      "peerDependencies": {
        "@angular/core": "9.1.13",
        "tabby-core": "^1.0.163",
        "tabby-terminal": "^1.0.163"
      }
    },
    "node_modules/@angular/core": {
      "version": "9.1.13",
      "resolved": "https://registry.npmjs.org/@angular/core/-/core-9.1.13.tgz",
      "integrity": "sha512-mBm24Q9GjkAsxMAzqQ86U1078+yTEpr0+syMEruUtJ0HUH6Fzn3J+6xTLb+BVcGb9RkCkFaV9T5mcn6ZM0f++g==",
      "license": "MIT",
      "peerDependencies": {
        "rxjs": "^6.5.3",
        "tslib": "^1.10.0",
        "zone.js": "~0.10.3"
      }
    },
    "node_modules/tabby-core": {
      "version": "1.0.163",
      "resolved": "https://registry.npmjs.org/tabby-core/-/tabby-core-1.0.163.tgz",
      "integrity": "sha512-zJgX/WsvCcHK0yvwaLmSAombDf4Dpgv8++wUbJ6LREQlw40aJZ9cQs7aeaXAa6/Mcuv1MCrN4e4gARuniZhS3A==",
      "license": "MIT",
      "peerDependencies": {
        "@angular/animations": "^9.1.9",
        "@angular/common": "^9.1.11",
        "@angular/core": "^9.1.9",
        "@angular/forms": "^9.1.11",
        "@angular/platform-browser": "^9.1.11",
        "@angular/platform-browser-dynamic": "^9.1.11",
        "rxjs": "^6.6.3"
      }
    },
    "node_modules/tabby-terminal": {
      "version": "1.0.163",
      "resolved": "https://registry.npmjs.org/tabby-terminal/-/tabby-terminal-1.0.163.tgz",
      "integrity": "sha512-S8rptbyBGvM/Ek+X/uUzwBRWdgyJwdSmiypJU05g2JnPyMKOPB96AMD9za4xP4avqs090tiaCdCFQb7bCwjOfw==",
      "license": "MIT",
      "peerDependencies": {
        "@angular/animations": "^9.1.9",
        "@angular/common": "^9.1.11",
        "@angular/core": "^9.1.9",
        "@angular/forms": "^9.1.11",
        "@angular/platform-browser": "^9.1.11",
        "@ng-bootstrap/ng-bootstrap": "^6.1.0",
        "rxjs": "^6.5.5",
        "tabby-core": "*",
        "tabby-settings": "*"
      }
    },
    "node_modules/typescript": {
      "version": "5.9.3",
      "resolved": "https://registry.npmjs.org/typescript/-/typescript-5.9.3.tgz",
      "integrity": "sha512-jl1vZzPDinLr9eUt3J/t7V6FgNEw9QjvBPdysz9KfQDD41fQrC2Y4vKQdiaUpFT4bXlb1RHhLpp8wtm6M5TgSw==",
      "dev": true,
      "license": "Apache-2.0",
      "bin": {
        "tsc": "bin/tsc",
        "tsserver": "bin/tsserver"
      },
      "engines": {
        "node": ">=14.17"
      }
    }
  }
}
